
Microsoft Visual Studio Solution File, Format Version 12.00
# Visual Studio 2013
VisualStudioVersion = 12.0.40629.0
MinimumVisualStudioVersion = 10.0.40219.1
Project("{FAE04EC0-301F-11D3-BF4B-00C04F79EFBC}") = "NeuralNetworks", "NeuralNetworkExample\NeuralNetworks.csproj", "{63C8E328-5217-424E-87E0-6A686EF84F71}"
EndProject
Project("{FAE04EC0-301F-11D3-BF4B-00C04F79EFBC}") = "NeuralNetworks.Logic", "NeuralNetworkExample.BL\NeuralNetworks.Logic.csproj", "{77B0282A-D4E2-4D21-BEE0-CC07FC1F9E17}"
EndProject
Project("{FAE04EC0-301F-11D3-BF4B-00C04F79EFBC}") = "NeuralNetworks.Data", "NeuralNetworkExample.DAL\NeuralNetworks.Data.csproj", "{77C17298-A6BA-4CC4-A00E-EAA159C035DF}"
EndProject
Project("{FAE04EC0-301F-11D3-BF4B-00C04F79EFBC}") = "NeuralNetworks.Entities", "NeuralNetworkExample.Entities\NeuralNetworks.Entities.csproj", "{8835C688-AB69-4E04-B421-A6339A4B5ECE}"
EndProject
Global
	GlobalSection(SolutionConfigurationPlatforms) = preSolution
		Debug|Any CPU = Debug|Any CPU
		Release|Any CPU = Release|Any CPU
	EndGlobalSection
	GlobalSection(ProjectConfigurationPlatforms) = postSolution
		{63C8E328-5217-424E-87E0-6A686EF84F71}.Debug|Any CPU.ActiveCfg = Debug|Any CPU
		{63C8E328-5217-424E-87E0-6A686EF84F71}.Debug|Any CPU.Build.0 = Debug|Any CPU
		{63C8E328-5217-424E-87E0-6A686EF84F71}.Release|Any CPU.ActiveCfg = Release|Any CPU
		{63C8E328-5217-424E-87E0-6A686EF84F71}.Release|Any CPU.Build.0 = Release|Any CPU
		{77B0282A-D4E2-4D21-BEE0-CC07FC1F9E17}.Debug|Any CPU.ActiveCfg = Debug|Any CPU
		{77B0282A-D4E2-4D21-BEE0-CC07FC1F9E17}.Debug|Any CPU.Build.0 = Debug|Any CPU
		{77B0282A-D4E2-4D21-BEE0-CC07FC1F9E17}.Release|Any CPU.ActiveCfg = Release|Any CPU
		{77B0282A-D4E2-4D21-BEE0-CC07FC1F9E17}.Release|Any CPU.Build.0 = Release|Any CPU
		{77C17298-A6BA-4CC4-A00E-EAA159C035DF}.Debug|Any CPU.ActiveCfg = Debug|Any CPU
		{77C17298-A6BA-4CC4-A00E-EAA159C035DF}.Debug|Any CPU.Build.0 = Debug|Any CPU
		{77C17298-A6BA-4CC4-A00E-EAA159C035DF}.Release|Any CPU.ActiveCfg = Release|Any CPU
		{77C17298-A6BA-4CC4-A00E-EAA159C035DF}.Release|Any CPU.Build.0 = Release|Any CPU
		{8835C688-AB69-4E04-B421-A6339A4B5ECE}.Debug|Any CPU.ActiveCfg = Debug|Any CPU
		{8835C688-AB69-4E04-B421-A6339A4B5ECE}.Debug|Any CPU.Build.0 = Debug|Any CPU
		{8835C688-AB69-4E04-B421-A6339A4B5ECE}.Release|Any CPU.ActiveCfg = Release|Any CPU
		{8835C688-AB69-4E04-B421-A6339A4B5ECE}.Release|Any CPU.Build.0 = Release|Any CPU
	EndGlobalSection
	GlobalSection(SolutionProperties) = preSolution
		HideSolutionNode = FALSE
	EndGlobalSection
EndGlobal
